// !$*UTF8*$!
{
	archiveVersion = 1;
	classes = {
	};
	objectVersion = 55;
	objects = {

/* Begin PBXBuildFile section */
		3CED459D46A69ECF033B82A1 /* Pods_TestesiOS.framework in Frameworks */ = {isa = PBXBuildFile; fileRef = 414A80192610B2AB2FB13005 /* Pods_TestesiOS.framework */; };
		8AAF15D7F9401BB2CA596762 /* Pods_TestesiOSTests.framework in Frameworks */ = {isa = PBXBuildFile; fileRef = 499D4994843CA79F38773C18 /* Pods_TestesiOSTests.framework */; };
		FA515DEC2AB4A0210088C469 /* ExtensionTests.swift in Sources */ = {isa = PBXBuildFile; fileRef = FA515DEB2AB4A0210088C469 /* ExtensionTests.swift */; };
		FA515DEE2AB4A3D80088C469 /* CourseModelTests.swift in Sources */ = {isa = PBXBuildFile; fileRef = FA515DED2AB4A3D80088C469 /* CourseModelTests.swift */; };
		FA515DF02AB4A5560088C469 /* ViewModelDummy.swift in Sources */ = {isa = PBXBuildFile; fileRef = FA515DEF2AB4A5560088C469 /* ViewModelDummy.swift */; };
		FA515DF22AB4A5D50088C469 /* ViewModelTests.swift in Sources */ = {isa = PBXBuildFile; fileRef = FA515DF12AB4A5D50088C469 /* ViewModelTests.swift */; };
		FA515DF42AB4A67F0088C469 /* ViewControllerTests.swift in Sources */ = {isa = PBXBuildFile; fileRef = FA515DF32AB4A67F0088C469 /* ViewControllerTests.swift */; };
		FA8B17802AB3B5A80078BDEB /* AppDelegate.swift in Sources */ = {isa = PBXBuildFile; fileRef = FA8B177F2AB3B5A80078BDEB /* AppDelegate.swift */; };
		FA8B17822AB3B5A80078BDEB /* SceneDelegate.swift in Sources */ = {isa = PBXBuildFile; fileRef = FA8B17812AB3B5A80078BDEB /* SceneDelegate.swift */; };
		FA8B17842AB3B5A80078BDEB /* ViewController.swift in Sources */ = {isa = PBXBuildFile; fileRef = FA8B17832AB3B5A80078BDEB /* ViewController.swift */; };
		FA8B17892AB3B5AB0078BDEB /* Assets.xcassets in Resources */ = {isa = PBXBuildFile; fileRef = FA8B17882AB3B5AB0078BDEB /* Assets.xcassets */; };
		FA8B178C2AB3B5AB0078BDEB /* LaunchScreen.storyboard in Resources */ = {isa = PBXBuildFile; fileRef = FA8B178A2AB3B5AB0078BDEB /* LaunchScreen.storyboard */; };
		FA8B17972AB3B5AC0078BDEB /* TestesiOSTests.swift in Sources */ = {isa = PBXBuildFile; fileRef = FA8B17962AB3B5AC0078BDEB /* TestesiOSTests.swift */; };
		FA8B17B02AB3B6E30078BDEB /* ViewModel.swift in Sources */ = {isa = PBXBuildFile; fileRef = FA8B17AF2AB3B6E30078BDEB /* ViewModel.swift */; };
		FA8B17B32AB3B7050078BDEB /* Services.swift in Sources */ = {isa = PBXBuildFile; fileRef = FA8B17B22AB3B7050078BDEB /* Services.swift */; };
		FA8B17B52AB3B7210078BDEB /* CourseModel.swift in Sources */ = {isa = PBXBuildFile; fileRef = FA8B17B42AB3B7210078BDEB /* CourseModel.swift */; };
		FA8B17B72AB3B7310078BDEB /* Extension.swift in Sources */ = {isa = PBXBuildFile; fileRef = FA8B17B62AB3B7310078BDEB /* Extension.swift */; };
		FA8B17BB2AB3B9930078BDEB /* Main.storyboard in Resources */ = {isa = PBXBuildFile; fileRef = FA8B17BA2AB3B9930078BDEB /* Main.storyboard */; };
/* End PBXBuildFile section */

/* Begin PBXContainerItemProxy section */
		FA8B17932AB3B5AC0078BDEB /* PBXContainerItemProxy */ = {
			isa = PBXContainerItemProxy;
			containerPortal = FA8B17742AB3B5A80078BDEB /* Project object */;
			proxyType = 1;
			remoteGlobalIDString = FA8B177B2AB3B5A80078BDEB;
			remoteInfo = TestesiOS;
		};
/* End PBXContainerItemProxy section */

/* Begin PBXFileReference section */
		15D8E1619D3B4B344776F0FD /* Pods-TestesiOSTests.debug.xcconfig */ = {isa = PBXFileReference; includeInIndex = 1; lastKnownFileType = text.xcconfig; name = "Pods-TestesiOSTests.debug.xcconfig"; path = "Target Support Files/Pods-TestesiOSTests/Pods-TestesiOSTests.debug.xcconfig"; sourceTree = "<group>"; };
		414A80192610B2AB2FB13005 /* Pods_TestesiOS.framework */ = {isa = PBXFileReference; explicitFileType = wrapper.framework; includeInIndex = 0; path = Pods_TestesiOS.framework; sourceTree = BUILT_PRODUCTS_DIR; };
		499D4994843CA79F38773C18 /* Pods_TestesiOSTests.framework */ = {isa = PBXFileReference; explicitFileType = wrapper.framework; includeInIndex = 0; path = Pods_TestesiOSTests.framework; sourceTree = BUILT_PRODUCTS_DIR; };
		61497AF0D874211946D740BC /* Pods-TestesiOS.release.xcconfig */ = {isa = PBXFileReference; includeInIndex = 1; lastKnownFileType = text.xcconfig; name = "Pods-TestesiOS.release.xcconfig"; path = "Target Support Files/Pods-TestesiOS/Pods-TestesiOS.release.xcconfig"; sourceTree = "<group>"; };
		A682B2276D5637D10E08AF80 /* Pods-TestesiOSTests.release.xcconfig */ = {isa = PBXFileReference; includeInIndex = 1; lastKnownFileType = text.xcconfig; name = "Pods-TestesiOSTests.release.xcconfig"; path = "Target Support Files/Pods-TestesiOSTests/Pods-TestesiOSTests.release.xcconfig"; sourceTree = "<group>"; };
		B1EAFA782EE77A56BF4DAF5E /* Pods-TestesiOS.debug.xcconfig */ = {isa = PBXFileReference; includeInIndex = 1; lastKnownFileType = text.xcconfig; name = "Pods-TestesiOS.debug.xcconfig"; path = "Target Support Files/Pods-TestesiOS/Pods-TestesiOS.debug.xcconfig"; sourceTree = "<group>"; };
		FA515DEB2AB4A0210088C469 /* ExtensionTests.swift */ = {isa = PBXFileReference; lastKnownFileType = sourcecode.swift; path = ExtensionTests.swift; sourceTree = "<group>"; };
		FA515DED2AB4A3D80088C469 /* CourseModelTests.swift */ = {isa = PBXFileReference; lastKnownFileType = sourcecode.swift; path = CourseModelTests.swift; sourceTree = "<group>"; };
		FA515DEF2AB4A5560088C469 /* ViewModelDummy.swift */ = {isa = PBXFileReference; lastKnownFileType = sourcecode.swift; path = ViewModelDummy.swift; sourceTree = "<group>"; };
		FA515DF12AB4A5D50088C469 /* ViewModelTests.swift */ = {isa = PBXFileReference; lastKnownFileType = sourcecode.swift; path = ViewModelTests.swift; sourceTree = "<group>"; };
		FA515DF32AB4A67F0088C469 /* ViewControllerTests.swift */ = {isa = PBXFileReference; lastKnownFileType = sourcecode.swift; path = ViewControllerTests.swift; sourceTree = "<group>"; };
		FA8B177C2AB3B5A80078BDEB /* TestesiOS.app */ = {isa = PBXFileReference; explicitFileType = wrapper.application; includeInIndex = 0; path = TestesiOS.app; sourceTree = BUILT_PRODUCTS_DIR; };
		FA8B177F2AB3B5A80078BDEB /* AppDelegate.swift */ = {isa = PBXFileReference; lastKnownFileType = sourcecode.swift; path = AppDelegate.swift; sourceTree = "<group>"; };
		FA8B17812AB3B5A80078BDEB /* SceneDelegate.swift */ = {isa = PBXFileReference; lastKnownFileType = sourcecode.swift; path = SceneDelegate.swift; sourceTree = "<group>"; };
		FA8B17832AB3B5A80078BDEB /* ViewController.swift */ = {isa = PBXFileReference; lastKnownFileType = sourcecode.swift; path = ViewController.swift; sourceTree = "<group>"; };
		FA8B17882AB3B5AB0078BDEB /* Assets.xcassets */ = {isa = PBXFileReference; lastKnownFileType = folder.assetcatalog; path = Assets.xcassets; sourceTree = "<group>"; };
		FA8B178B2AB3B5AB0078BDEB /* Base */ = {isa = PBXFileReference; lastKnownFileType = file.storyboard; name = Base; path = Base.lproj/LaunchScreen.storyboard; sourceTree = "<group>"; };
		FA8B178D2AB3B5AB0078BDEB /* Info.plist */ = {isa = PBXFileReference; lastKnownFileType = text.plist.xml; path = Info.plist; sourceTree = "<group>"; };
		FA8B17922AB3B5AC0078BDEB /* TestesiOSTests.xctest */ = {isa = PBXFileReference; explicitFileType = wrapper.cfbundle; includeInIndex = 0; path = TestesiOSTests.xctest; sourceTree = BUILT_PRODUCTS_DIR; };
		FA8B17962AB3B5AC0078BDEB /* TestesiOSTests.swift */ = {isa = PBXFileReference; lastKnownFileType = sourcecode.swift; path = TestesiOSTests.swift; sourceTree = "<group>"; };
		FA8B17AF2AB3B6E30078BDEB /* ViewModel.swift */ = {isa = PBXFileReference; lastKnownFileType = sourcecode.swift; path = ViewModel.swift; sourceTree = "<group>"; };
		FA8B17B22AB3B7050078BDEB /* Services.swift */ = {isa = PBXFileReference; lastKnownFileType = sourcecode.swift; path = Services.swift; sourceTree = "<group>"; };
		FA8B17B42AB3B7210078BDEB /* CourseModel.swift */ = {isa = PBXFileReference; lastKnownFileType = sourcecode.swift; path = CourseModel.swift; sourceTree = "<group>"; };
		FA8B17B62AB3B7310078BDEB /* Extension.swift */ = {isa = PBXFileReference; lastKnownFileType = sourcecode.swift; path = Extension.swift; sourceTree = "<group>"; };
		FA8B17BA2AB3B9930078BDEB /* Main.storyboard */ = {isa = PBXFileReference; fileEncoding = 4; lastKnownFileType = file.storyboard; path = Main.storyboard; sourceTree = "<group>"; };
/* End PBXFileReference section */

/* Begin PBXFrameworksBuildPhase section */
		FA8B17792AB3B5A80078BDEB /* Frameworks */ = {
			isa = PBXFrameworksBuildPhase;
			buildActionMask = 2147483647;
			files = (
				3CED459D46A69ECF033B82A1 /* Pods_TestesiOS.framework in Frameworks */,
			);
			runOnlyForDeploymentPostprocessing = 0;
		};
		FA8B178F2AB3B5AC0078BDEB /* Frameworks */ = {
			isa = PBXFrameworksBuildPhase;
			buildActionMask = 2147483647;
			files = (
				8AAF15D7F9401BB2CA596762 /* Pods_TestesiOSTests.framework in Frameworks */,
			);
			runOnlyForDeploymentPostprocessing = 0;
		};
/* End PBXFrameworksBuildPhase section */

/* Begin PBXGroup section */
		071827718D24E07BC56AB3F9 /* Frameworks */ = {
			isa = PBXGroup;
			children = (
				414A80192610B2AB2FB13005 /* Pods_TestesiOS.framework */,
				499D4994843CA79F38773C18 /* Pods_TestesiOSTests.framework */,
			);
			name = Frameworks;
			sourceTree = "<group>";
		};
		C07A21A243032183362F9D25 /* Pods */ = {
			isa = PBXGroup;
			children = (
				B1EAFA782EE77A56BF4DAF5E /* Pods-TestesiOS.debug.xcconfig */,
				61497AF0D874211946D740BC /* Pods-TestesiOS.release.xcconfig */,
				15D8E1619D3B4B344776F0FD /* Pods-TestesiOSTests.debug.xcconfig */,
				A682B2276D5637D10E08AF80 /* Pods-TestesiOSTests.release.xcconfig */,
			);
			name = Pods;
			path = Pods;
			sourceTree = "<group>";
		};
		FA8B17732AB3B5A80078BDEB = {
			isa = PBXGroup;
			children = (
				FA8B177E2AB3B5A80078BDEB /* TestesiOS */,
				FA8B17952AB3B5AC0078BDEB /* TestesiOSTests */,
				FA8B177D2AB3B5A80078BDEB /* Products */,
				C07A21A243032183362F9D25 /* Pods */,
				071827718D24E07BC56AB3F9 /* Frameworks */,
			);
			sourceTree = "<group>";
		};
		FA8B177D2AB3B5A80078BDEB /* Products */ = {
			isa = PBXGroup;
			children = (
				FA8B177C2AB3B5A80078BDEB /* TestesiOS.app */,
				FA8B17922AB3B5AC0078BDEB /* TestesiOSTests.xctest */,
			);
			name = Products;
			sourceTree = "<group>";
		};
		FA8B177E2AB3B5A80078BDEB /* TestesiOS */ = {
			isa = PBXGroup;
			children = (
				FA8B177F2AB3B5A80078BDEB /* AppDelegate.swift */,
				FA8B17812AB3B5A80078BDEB /* SceneDelegate.swift */,
				FA8B17832AB3B5A80078BDEB /* ViewController.swift */,
				FA8B17AF2AB3B6E30078BDEB /* ViewModel.swift */,
				FA8B17B22AB3B7050078BDEB /* Services.swift */,
				FA8B17B42AB3B7210078BDEB /* CourseModel.swift */,
				FA8B17B62AB3B7310078BDEB /* Extension.swift */,
				FA8B17882AB3B5AB0078BDEB /* Assets.xcassets */,
				FA8B178A2AB3B5AB0078BDEB /* LaunchScreen.storyboard */,
				FA8B178D2AB3B5AB0078BDEB /* Info.plist */,
				FA8B17BA2AB3B9930078BDEB /* Main.storyboard */,
			);
			path = TestesiOS;
			sourceTree = "<group>";
		};
		FA8B17952AB3B5AC0078BDEB /* TestesiOSTests */ = {
			isa = PBXGroup;
			children = (
				FA8B17962AB3B5AC0078BDEB /* TestesiOSTests.swift */,
				FA515DEB2AB4A0210088C469 /* ExtensionTests.swift */,
				FA515DED2AB4A3D80088C469 /* CourseModelTests.swift */,
				FA515DEF2AB4A5560088C469 /* ViewModelDummy.swift */,
				FA515DF12AB4A5D50088C469 /* ViewModelTests.swift */,
				FA515DF32AB4A67F0088C469 /* ViewControllerTests.swift */,
			);
			path = TestesiOSTests;
			sourceTree = "<group>";
		};
/* End PBXGroup section */

/* Begin PBXNativeTarget section */
		FA8B177B2AB3B5A80078BDEB /* TestesiOS */ = {
			isa = PBXNativeTarget;
			buildConfigurationList = FA8B17A62AB3B5AC0078BDEB /* Build configuration list for PBXNativeTarget "TestesiOS" */;
			buildPhases = (
				635BB1317110D4AF3C7419F0 /* [CP] Check Pods Manifest.lock */,
				FA8B17782AB3B5A80078BDEB /* Sources */,
				FA8B17792AB3B5A80078BDEB /* Frameworks */,
				FA8B177A2AB3B5A80078BDEB /* Resources */,
			);
			buildRules = (
			);
			dependencies = (
			);
			name = TestesiOS;
			productName = TestesiOS;
			productReference = FA8B177C2AB3B5A80078BDEB /* TestesiOS.app */;
			productType = "com.apple.product-type.application";
		};
		FA8B17912AB3B5AC0078BDEB /* TestesiOSTests */ = {
			isa = PBXNativeTarget;
			buildConfigurationList = FA8B17A92AB3B5AC0078BDEB /* Build configuration list for PBXNativeTarget "TestesiOSTests" */;
			buildPhases = (
				66BCE4644A671E0FB51D2594 /* [CP] Check Pods Manifest.lock */,
				FA8B178E2AB3B5AC0078BDEB /* Sources */,
				FA8B178F2AB3B5AC0078BDEB /* Frameworks */,
				FA8B17902AB3B5AC0078BDEB /* Resources */,
				38B93A542F5C7E101DCEBE2A /* [CP] Embed Pods Frameworks */,
			);
			buildRules = (
			);
			dependencies = (
				FA8B17942AB3B5AC0078BDEB /* PBXTargetDependency */,
			);
			name = TestesiOSTests;
			productName = TestesiOSTests;
			productReference = FA8B17922AB3B5AC0078BDEB /* TestesiOSTests.xctest */;
			productType = "com.apple.product-type.bundle.unit-test";
		};
/* End PBXNativeTarget section */

/* Begin PBXProject section */
		FA8B17742AB3B5A80078BDEB /* Project object */ = {
			isa = PBXProject;
			attributes = {
				BuildIndependentTargetsInParallel = 1;
				LastSwiftUpdateCheck = 1320;
				LastUpgradeCheck = 1320;
				TargetAttributes = {
					FA8B177B2AB3B5A80078BDEB = {
						CreatedOnToolsVersion = 13.2.1;
					};
					FA8B17912AB3B5AC0078BDEB = {
						CreatedOnToolsVersion = 13.2.1;
						TestTargetID = FA8B177B2AB3B5A80078BDEB;
					};
				};
			};
			buildConfigurationList = FA8B17772AB3B5A80078BDEB /* Build configuration list for PBXProject "TestesiOS" */;
			compatibilityVersion = "Xcode 13.0";
			developmentRegion = en;
			hasScannedForEncodings = 0;
			knownRegions = (
				en,
				Base,
			);
			mainGroup = FA8B17732AB3B5A80078BDEB;
			productRefGroup = FA8B177D2AB3B5A80078BDEB /* Products */;
			projectDirPath = "";
			projectRoot = "";
			targets = (
				FA8B177B2AB3B5A80078BDEB /* TestesiOS */,
				FA8B17912AB3B5AC0078BDEB /* TestesiOSTests */,
			);
		};
/* End PBXProject section */

/* Begin PBXResourcesBuildPhase section */
		FA8B177A2AB3B5A80078BDEB /* Resources */ = {
			isa = PBXResourcesBuildPhase;
			buildActionMask = 2147483647;
			files = (
				FA8B178C2AB3B5AB0078BDEB /* LaunchScreen.storyboard in Resources */,
				FA8B17892AB3B5AB0078BDEB /* Assets.xcassets in Resources */,
				FA8B17BB2AB3B9930078BDEB /* Main.storyboard in Resources */,
			);
			runOnlyForDeploymentPostprocessing = 0;
		};
		FA8B17902AB3B5AC0078BDEB /* Resources */ = {
			isa = PBXResourcesBuildPhase;
			buildActionMask = 2147483647;
			files = (
			);
			runOnlyForDeploymentPostprocessing = 0;
		};
/* End PBXResourcesBuildPhase section */

/* Begin PBXShellScriptBuildPhase section */
		38B93A542F5C7E101DCEBE2A /* [CP] Embed Pods Frameworks */ = {
			isa = PBXShellScriptBuildPhase;
			buildActionMask = 2147483647;
			files = (
			);
			inputFileListPaths = (
				"${PODS_ROOT}/Target Support Files/Pods-TestesiOSTests/Pods-TestesiOSTests-frameworks-${CONFIGURATION}-input-files.xcfilelist",
			);
			name = "[CP] Embed Pods Frameworks";
			outputFileListPaths = (
				"${PODS_ROOT}/Target Support Files/Pods-TestesiOSTests/Pods-TestesiOSTests-frameworks-${CONFIGURATION}-output-files.xcfilelist",
			);
			runOnlyForDeploymentPostprocessing = 0;
			shellPath = /bin/sh;
			shellScript = "\"${PODS_ROOT}/Target Support Files/Pods-TestesiOSTests/Pods-TestesiOSTests-frameworks.sh\"\n";
			showEnvVarsInLog = 0;
		};
		635BB1317110D4AF3C7419F0 /* [CP] Check Pods Manifest.lock */ = {
			isa = PBXShellScriptBuildPhase;
			buildActionMask = 2147483647;
			files = (
			);
			inputFileListPaths = (
			);
			inputPaths = (
				"${PODS_PODFILE_DIR_PATH}/Podfile.lock",
				"${PODS_ROOT}/Manifest.lock",
			);
			name = "[CP] Check Pods Manifest.lock";
			outputFileListPaths = (
			);
			outputPaths = (
				"$(DERIVED_FILE_DIR)/Pods-TestesiOS-checkManifestLockResult.txt",
			);
			runOnlyForDeploymentPostprocessing = 0;
			shellPath = /bin/sh;
			shellScript = "diff \"${PODS_PODFILE_DIR_PATH}/Podfile.lock\" \"${PODS_ROOT}/Manifest.lock\" > /dev/null\nif [ $? != 0 ] ; then\n    # print error to STDERR\n    echo \"error: The sandbox is not in sync with the Podfile.lock. Run 'pod install' or update your CocoaPods installation.\" >&2\n    exit 1\nfi\n# This output is used by Xcode 'outputs' to avoid re-running this script phase.\necho \"SUCCESS\" > \"${SCRIPT_OUTPUT_FILE_0}\"\n";
			showEnvVarsInLog = 0;
		};
		66BCE4644A671E0FB51D2594 /* [CP] Check Pods Manifest.lock */ = {
			isa = PBXShellScriptBuildPhase;
			buildActionMask = 2147483647;
			files = (
			);
			inputFileListPaths = (
			);
			inputPaths = (
				"${PODS_PODFILE_DIR_PATH}/Podfile.lock",
				"${PODS_ROOT}/Manifest.lock",
			);
			name = "[CP] Check Pods Manifest.lock";
			outputFileListPaths = (
			);
			outputPaths = (
				"$(DERIVED_FILE_DIR)/Pods-TestesiOSTests-checkManifestLockResult.txt",
			);
			runOnlyForDeploymentPostprocessing = 0;
			shellPath = /bin/sh;
			shellScript = "diff \"${PODS_PODFILE_DIR_PATH}/Podfile.lock\" \"${PODS_ROOT}/Manifest.lock\" > /dev/null\nif [ $? != 0 ] ; then\n    # print error to STDERR\n    echo \"error: The sandbox is not in sync with the Podfile.lock. Run 'pod install' or update your CocoaPods installation.\" >&2\n    exit 1\nfi\n# This output is used by Xcode 'outputs' to avoid re-running this script phase.\necho \"SUCCESS\" > \"${SCRIPT_OUTPUT_FILE_0}\"\n";
			showEnvVarsInLog = 0;
		};
/* End PBXShellScriptBuildPhase section */

/* Begin PBXSourcesBuildPhase section */
		FA8B17782AB3B5A80078BDEB /* Sources */ = {
			isa = PBXSourcesBuildPhase;
			buildActionMask = 2147483647;
			files = (
				FA8B17B52AB3B7210078BDEB /* CourseModel.swift in Sources */,
				FA8B17B32AB3B7050078BDEB /* Services.swift in Sources */,
				FA8B17B72AB3B7310078BDEB /* Extension.swift in Sources */,
				FA8B17842AB3B5A80078BDEB /* ViewController.swift in Sources */,
				FA8B17802AB3B5A80078BDEB /* AppDelegate.swift in Sources */,
				FA8B17B02AB3B6E30078BDEB /* ViewModel.swift in Sources */,
				FA8B17822AB3B5A80078BDEB /* SceneDelegate.swift in Sources */,
			);
			runOnlyForDeploymentPostprocessing = 0;
		};
		FA8B178E2AB3B5AC0078BDEB /* Sources */ = {
			isa = PBXSourcesBuildPhase;
			buildActionMask = 2147483647;
			files = (
				FA515DF42AB4A67F0088C469 /* ViewControllerTests.swift in Sources */,
				FA8B17972AB3B5AC0078BDEB /* TestesiOSTests.swift in Sources */,
				FA515DEC2AB4A0210088C469 /* ExtensionTests.swift in Sources */,
				FA515DF22AB4A5D50088C469 /* ViewModelTests.swift in Sources */,
				FA515DEE2AB4A3D80088C469 /* CourseModelTests.swift in Sources */,
				FA515DF02AB4A5560088C469 /* ViewModelDummy.swift in Sources */,
			);
			runOnlyForDeploymentPostprocessing = 0;
		};
/* End PBXSourcesBuildPhase section */

/* Begin PBXTargetDependency section */
		FA8B17942AB3B5AC0078BDEB /* PBXTargetDependency */ = {
			isa = PBXTargetDependency;
			target = FA8B177B2AB3B5A80078BDEB /* TestesiOS */;
			targetProxy = FA8B17932AB3B5AC0078BDEB /* PBXContainerItemProxy */;
		};
/* End PBXTargetDependency section */

/* Begin PBXVariantGroup section */
		FA8B178A2AB3B5AB0078BDEB /* LaunchScreen.storyboard */ = {
			isa = PBXVariantGroup;
			children = (
				FA8B178B2AB3B5AB0078BDEB /* Base */,
			);
			name = LaunchScreen.storyboard;
			sourceTree = "<group>";
		};
/* End PBXVariantGroup section */

/* Begin XCBuildConfiguration section */
		FA8B17A42AB3B5AC0078BDEB /* Debug */ = {
			isa = XCBuildConfiguration;
			buildSettings = {
				ALWAYS_SEARCH_USER_PATHS = NO;
				CLANG_ANALYZER_NONNULL = YES;
				CLANG_ANALYZER_NUMBER_OBJECT_CONVERSION = YES_AGGRESSIVE;
				CLANG_CXX_LANGUAGE_STANDARD = "gnu++17";
				CLANG_CXX_LIBRARY = "libc++";
				CLANG_ENABLE_MODULES = YES;
				CLANG_ENABLE_OBJC_ARC = YES;
				CLANG_ENABLE_OBJC_WEAK = YES;
				CLANG_WARN_BLOCK_CAPTURE_AUTORELEASING = YES;
				CLANG_WARN_BOOL_CONVERSION = YES;
				CLANG_WARN_COMMA = YES;
				CLANG_WARN_CONSTANT_CONVERSION = YES;
				CLANG_WARN_DEPRECATED_OBJC_IMPLEMENTATIONS = YES;
				CLANG_WARN_DIRECT_OBJC_ISA_USAGE = YES_ERROR;
				CLANG_WARN_DOCUMENTATION_COMMENTS = YES;
				CLANG_WARN_EMPTY_BODY = YES;
				CLANG_WARN_ENUM_CONVERSION = YES;
				CLANG_WARN_INFINITE_RECURSION = YES;
				CLANG_WARN_INT_CONVERSION = YES;
				CLANG_WARN_NON_LITERAL_NULL_CONVERSION = YES;
				CLANG_WARN_OBJC_IMPLICIT_RETAIN_SELF = YES;
				CLANG_WARN_OBJC_LITERAL_CONVERSION = YES;
				CLANG_WARN_OBJC_ROOT_CLASS = YES_ERROR;
				CLANG_WARN_QUOTED_INCLUDE_IN_FRAMEWORK_HEADER = YES;
				CLANG_WARN_RANGE_LOOP_ANALYSIS = YES;
				CLANG_WARN_STRICT_PROTOTYPES = YES;
				CLANG_WARN_SUSPICIOUS_MOVE = YES;
				CLANG_WARN_UNGUARDED_AVAILABILITY = YES_AGGRESSIVE;
				CLANG_WARN_UNREACHABLE_CODE = YES;
				CLANG_WARN__DUPLICATE_METHOD_MATCH = YES;
				COPY_PHASE_STRIP = NO;
				DEBUG_INFORMATION_FORMAT = dwarf;
				ENABLE_STRICT_OBJC_MSGSEND = YES;
				ENABLE_TESTABILITY = YES;
				GCC_C_LANGUAGE_STANDARD = gnu11;
				GCC_DYNAMIC_NO_PIC = NO;
				GCC_NO_COMMON_BLOCKS = YES;
				GCC_OPTIMIZATION_LEVEL = 0;
				GCC_PREPROCESSOR_DEFINITIONS = (
					"DEBUG=1",
					"$(inherited)",
				);
				GCC_WARN_64_TO_32_BIT_CONVERSION = YES;
				GCC_WARN_ABOUT_RETURN_TYPE = YES_ERROR;
				GCC_WARN_UNDECLARED_SELECTOR = YES;
				GCC_WARN_UNINITIALIZED_AUTOS = YES_AGGRESSIVE;
				GCC_WARN_UNUSED_FUNCTION = YES;
				GCC_WARN_UNUSED_VARIABLE = YES;
				IPHONEOS_DEPLOYMENT_TARGET = 15.2;
				MTL_ENABLE_DEBUG_INFO = INCLUDE_SOURCE;
				MTL_FAST_MATH = YES;
				ONLY_ACTIVE_ARCH = YES;
				SDKROOT = iphoneos;
				SWIFT_ACTIVE_COMPILATION_CONDITIONS = DEBUG;
				SWIFT_OPTIMIZATION_LEVEL = "-Onone";
			};
			name = Debug;
		};
		FA8B17A52AB3B5AC0078BDEB /* Release */ = {
			isa = XCBuildConfiguration;
			buildSettings = {
				ALWAYS_SEARCH_USER_PATHS = NO;
				CLANG_ANALYZER_NONNULL = YES;
				CLANG_ANALYZER_NUMBER_OBJECT_CONVERSION = YES_AGGRESSIVE;
				CLANG_CXX_LANGUAGE_STANDARD = "gnu++17";
				CLANG_CXX_LIBRARY = "libc++";
				CLANG_ENABLE_MODULES = YES;
				CLANG_ENABLE_OBJC_ARC = YES;
				CLANG_ENABLE_OBJC_WEAK = YES;
				CLANG_WARN_BLOCK_CAPTURE_AUTORELEASING = YES;
				CLANG_WARN_BOOL_CONVERSION = YES;
				CLANG_WARN_COMMA = YES;
				CLANG_WARN_CONSTANT_CONVERSION = YES;
				CLANG_WARN_DEPRECATED_OBJC_IMPLEMENTATIONS = YES;
				CLANG_WARN_DIRECT_OBJC_ISA_USAGE = YES_ERROR;
				CLANG_WARN_DOCUMENTATION_COMMENTS = YES;
				CLANG_WARN_EMPTY_BODY = YES;
				CLANG_WARN_ENUM_CONVERSION = YES;
				CLANG_WARN_INFINITE_RECURSION = YES;
				CLANG_WARN_INT_CONVERSION = YES;
				CLANG_WARN_NON_LITERAL_NULL_CONVERSION = YES;
				CLANG_WARN_OBJC_IMPLICIT_RETAIN_SELF = YES;
				CLANG_WARN_OBJC_LITERAL_CONVERSION = YES;
				CLANG_WARN_OBJC_ROOT_CLASS = YES_ERROR;
				CLANG_WARN_QUOTED_INCLUDE_IN_FRAMEWORK_HEADER = YES;
				CLANG_WARN_RANGE_LOOP_ANALYSIS = YES;
				CLANG_WARN_STRICT_PROTOTYPES = YES;
				CLANG_WARN_SUSPICIOUS_MOVE = YES;
				CLANG_WARN_UNGUARDED_AVAILABILITY = YES_AGGRESSIVE;
				CLANG_WARN_UNREACHABLE_CODE = YES;
				CLANG_WARN__DUPLICATE_METHOD_MATCH = YES;
				COPY_PHASE_STRIP = NO;
				DEBUG_INFORMATION_FORMAT = "dwarf-with-dsym";
				ENABLE_NS_ASSERTIONS = NO;
				ENABLE_STRICT_OBJC_MSGSEND = YES;
				GCC_C_LANGUAGE_STANDARD = gnu11;
				GCC_NO_COMMON_BLOCKS = YES;
				GCC_WARN_64_TO_32_BIT_CONVERSION = YES;
				GCC_WARN_ABOUT_RETURN_TYPE = YES_ERROR;
				GCC_WARN_UNDECLARED_SELECTOR = YES;
				GCC_WARN_UNINITIALIZED_AUTOS = YES_AGGRESSIVE;
				GCC_WARN_UNUSED_FUNCTION = YES;
				GCC_WARN_UNUSED_VARIABLE = YES;
				IPHONEOS_DEPLOYMENT_TARGET = 15.2;
				MTL_ENABLE_DEBUG_INFO = NO;
				MTL_FAST_MATH = YES;
				SDKROOT = iphoneos;
				SWIFT_COMPILATION_MODE = wholemodule;
				SWIFT_OPTIMIZATION_LEVEL = "-O";
				VALIDATE_PRODUCT = YES;
			};
			name = Release;
		};
		FA8B17A72AB3B5AC0078BDEB /* Debug */ = {
			isa = XCBuildConfiguration;
			baseConfigurationReference = B1EAFA782EE77A56BF4DAF5E /* Pods-TestesiOS.debug.xcconfig */;
			buildSettings = {
				ASSETCATALOG_COMPILER_APPICON_NAME = AppIcon;
				ASSETCATALOG_COMPILER_GLOBAL_ACCENT_COLOR_NAME = AccentColor;
				CODE_SIGN_STYLE = Automatic;
				CURRENT_PROJECT_VERSION = 1;
				DEVELOPMENT_TEAM = FR8BBNFFSR;
				GENERATE_INFOPLIST_FILE = YES;
				INFOPLIST_FILE = TestesiOS/Info.plist;
				INFOPLIST_KEY_UIApplicationSupportsIndirectInputEvents = YES;
				INFOPLIST_KEY_UILaunchStoryboardName = LaunchScreen;
				INFOPLIST_KEY_UIMainStoryboardFile = Main;
				INFOPLIST_KEY_UISupportedInterfaceOrientations = UIInterfaceOrientationPortrait;
				INFOPLIST_KEY_UISupportedInterfaceOrientations_iPad = "UIInterfaceOrientationPortrait UIInterfaceOrientationPortraitUpsideDown UIInterfaceOrientationLandscapeLeft UIInterfaceOrientationLandscapeRight";
				INFOPLIST_KEY_UISupportedInterfaceOrientations_iPhone = "UIInterfaceOrientationPortrait UIInterfaceOrientationLandscapeLeft UIInterfaceOrientationLandscapeRight";
				LD_RUNPATH_SEARCH_PATHS = (
					"$(inherited)",
					"@executable_path/Frameworks",
				);
				MARKETING_VERSION = 1.0;
				PRODUCT_BUNDLE_IDENTIFIER = com.igorfortti.TestesiOS;
				PRODUCT_NAME = "$(TARGET_NAME)";
				SWIFT_EMIT_LOC_STRINGS = YES;
				SWIFT_VERSION = 5.0;
				TARGETED_DEVICE_FAMILY = 1;
			};
			name = Debug;
		};
		FA8B17A82AB3B5AC0078BDEB /* Release */ = {
			isa = XCBuildConfiguration;
			baseConfigurationReference = 61497AF0D874211946D740BC /* Pods-TestesiOS.release.xcconfig */;
			buildSettings = {
				ASSETCATALOG_COMPILER_APPICON_NAME = AppIcon;
				ASSETCATALOG_COMPILER_GLOBAL_ACCENT_COLOR_NAME = AccentColor;
				CODE_SIGN_STYLE = Automatic;
				CURRENT_PROJECT_VERSION = 1;
				DEVELOPMENT_TEAM = FR8BBNFFSR;
				GENERATE_INFOPLIST_FILE = YES;
				INFOPLIST_FILE = TestesiOS/Info.plist;
				INFOPLIST_KEY_UIApplicationSupportsIndirectInputEvents = YES;
				INFOPLIST_KEY_UILaunchStoryboardName = LaunchScreen;
				INFOPLIST_KEY_UIMainStoryboardFile = Main;
				INFOPLIST_KEY_UISupportedInterfaceOrientations = UIInterfaceOrientationPortrait;
				INFOPLIST_KEY_UISupportedInterfaceOrientations_iPad = "UIInterfaceOrientationPortrait UIInterfaceOrientationPortraitUpsideDown UIInterfaceOrientationLandscapeLeft UIInterfaceOrientationLandscapeRight";
				INFOPLIST_KEY_UISupportedInterfaceOrientations_iPhone = "UIInterfaceOrientationPortrait UIInterfaceOrientationLandscapeLeft UIInterfaceOrientationLandscapeRight";
				LD_RUNPATH_SEARCH_PATHS = (
					"$(inherited)",
					"@executable_path/Frameworks",
				);
				MARKETING_VERSION = 1.0;
				PRODUCT_BUNDLE_IDENTIFIER = com.igorfortti.TestesiOS;
				PRODUCT_NAME = "$(TARGET_NAME)";
				SWIFT_EMIT_LOC_STRINGS = YES;
				SWIFT_VERSION = 5.0;
				TARGETED_DEVICE_FAMILY = 1;
			};
			name = Release;
		};
		FA8B17AA2AB3B5AC0078BDEB /* Debug */ = {
			isa = XCBuildConfiguration;
			baseConfigurationReference = 15D8E1619D3B4B344776F0FD /* Pods-TestesiOSTests.debug.xcconfig */;
			buildSettings = {
				ALWAYS_EMBED_SWIFT_STANDARD_LIBRARIES = YES;
				BUNDLE_LOADER = "$(TEST_HOST)";
				CODE_SIGN_STYLE = Automatic;
				CURRENT_PROJECT_VERSION = 1;
				DEVELOPMENT_TEAM = FR8BBNFFSR;
				GENERATE_INFOPLIST_FILE = YES;
				IPHONEOS_DEPLOYMENT_TARGET = 15.2;
				MARKETING_VERSION = 1.0;
				PRODUCT_BUNDLE_IDENTIFIER = com.igorfortti.TestesiOSTests;
				PRODUCT_NAME = "$(TARGET_NAME)";
				SWIFT_EMIT_LOC_STRINGS = NO;
				SWIFT_VERSION = 5.0;
				TARGETED_DEVICE_FAMILY = "1,2";
				TEST_HOST = "$(BUILT_PRODUCTS_DIR)/TestesiOS.app/TestesiOS";
			};
			name = Debug;
		};
		FA8B17AB2AB3B5AC0078BDEB /* Release */ = {
			isa = XCBuildConfiguration;
			baseConfigurationReference = A682B2276D5637D10E08AF80 /* Pods-TestesiOSTests.release.xcconfig */;
			buildSettings = {
				ALWAYS_EMBED_SWIFT_STANDARD_LIBRARIES = YES;
				BUNDLE_LOADER = "$(TEST_HOST)";
				CODE_SIGN_STYLE = Automatic;
				CURRENT_PROJECT_VERSION = 1;
				DEVELOPMENT_TEAM = FR8BBNFFSR;
				GENERATE_INFOPLIST_FILE = YES;
				IPHONEOS_DEPLOYMENT_TARGET = 15.2;
				MARKETING_VERSION = 1.0;
				PRODUCT_BUNDLE_IDENTIFIER = com.igorfortti.TestesiOSTests;
				PRODUCT_NAME = "$(TARGET_NAME)";
				SWIFT_EMIT_LOC_STRINGS = NO;
				SWIFT_VERSION = 5.0;
				TARGETED_DEVICE_FAMILY = "1,2";
				TEST_HOST = "$(BUILT_PRODUCTS_DIR)/TestesiOS.app/TestesiOS";
			};
			name = Release;
		};
/* End XCBuildConfiguration section */

/* Begin XCConfigurationList section */
		FA8B17772AB3B5A80078BDEB /* Build configuration list for PBXProject "TestesiOS" */ = {
			isa = XCConfigurationList;
			buildConfigurations = (
				FA8B17A42AB3B5AC0078BDEB /* Debug */,
				FA8B17A52AB3B5AC0078BDEB /* Release */,
			);
			defaultConfigurationIsVisible = 0;
			defaultConfigurationName = Release;
		};
		FA8B17A62AB3B5AC0078BDEB /* Build configuration list for PBXNativeTarget "TestesiOS" */ = {
			isa = XCConfigurationList;
			buildConfigurations = (
				FA8B17A72AB3B5AC0078BDEB /* Debug */,
				FA8B17A82AB3B5AC0078BDEB /* Release */,
			);
			defaultConfigurationIsVisible = 0;
			defaultConfigurationName = Release;
		};
		FA8B17A92AB3B5AC0078BDEB /* Build configuration list for PBXNativeTarget "TestesiOSTests" */ = {
			isa = XCConfigurationList;
			buildConfigurations = (
				FA8B17AA2AB3B5AC0078BDEB /* Debug */,
				FA8B17AB2AB3B5AC0078BDEB /* Release */,
			);
			defaultConfigurationIsVisible = 0;
			defaultConfigurationName = Release;
		};
/* End XCConfigurationList section */
	};
	rootObject = FA8B17742AB3B5A80078BDEB /* Project object */;
}
